
Microsoft Visual Studio Solution File, Format Version 12.00
# Visual Studio Version 17
VisualStudioVersion = 17.8.34330.188
MinimumVisualStudioVersion = 10.0.40219.1
Project("{FAE04EC0-301F-11D3-BF4B-00C04F79EFBC}") = "Capcha", "Capcha\Capcha.csproj", "{878A3A54-9527-4929-85C2-41FB625D1F20}"
EndProject
Global
	GlobalSection(SolutionConfigurationPlatforms) = preSolution
		Debug|Any CPU = Debug|Any CPU
		Release|Any CPU = Release|Any CPU
	EndGlobalSection
	GlobalSection(ProjectConfigurationPlatforms) = postSolution
		{878A3A54-9527-4929-85C2-41FB625D1F20}.Debug|Any CPU.ActiveCfg = Debug|Any CPU
		{878A3A54-9527-4929-85C2-41FB625D1F20}.Debug|Any CPU.Build.0 = Debug|Any CPU
		{878A3A54-9527-4929-85C2-41FB625D1F20}.Release|Any CPU.ActiveCfg = Release|Any CPU
		{878A3A54-9527-4929-85C2-41FB625D1F20}.Release|Any CPU.Build.0 = Release|Any CPU
	EndGlobalSection
	GlobalSection(SolutionProperties) = preSolution
		HideSolutionNode = FALSE
	EndGlobalSection
	GlobalSection(ExtensibilityGlobals) = postSolution
		SolutionGuid = {6610F672-4227-413A-81D0-0742681B62EA}
	EndGlobalSection
EndGlobal
